
Microsoft Visual Studio Solution File, Format Version 12.00
# Visual Studio for Mac
Project("{FAE04EC0-301F-11D3-BF4B-00C04F79EFBC}") = "Assembly-CSharp", "Assembly-CSharp.csproj", "{DDBA0BD8-F44F-B05C-FA67-684D6A8DA608}"
EndProject
Project("{FAE04EC0-301F-11D3-BF4B-00C04F79EFBC}") = "Assembly-CSharp-Editor", "Assembly-CSharp-Editor.csproj", "{899BBF17-919E-BD3A-4888-65DB4CB8FAFB}"
EndProject
Global
	GlobalSection(SolutionConfigurationPlatforms) = preSolution
		Debug|Any CPU = Debug|Any CPU
		Release|Any CPU = Release|Any CPU
	EndGlobalSection
	GlobalSection(ProjectConfigurationPlatforms) = postSolution
		{DDBA0BD8-F44F-B05C-FA67-684D6A8DA608}.Debug|Any CPU.ActiveCfg = Debug|Any CPU
		{DDBA0BD8-F44F-B05C-FA67-684D6A8DA608}.Debug|Any CPU.Build.0 = Debug|Any CPU
		{DDBA0BD8-F44F-B05C-FA67-684D6A8DA608}.Release|Any CPU.ActiveCfg = Release|Any CPU
		{DDBA0BD8-F44F-B05C-FA67-684D6A8DA608}.Release|Any CPU.Build.0 = Release|Any CPU
		{899BBF17-919E-BD3A-4888-65DB4CB8FAFB}.Debug|Any CPU.ActiveCfg = Debug|Any CPU
		{899BBF17-919E-BD3A-4888-65DB4CB8FAFB}.Debug|Any CPU.Build.0 = Debug|Any CPU
		{899BBF17-919E-BD3A-4888-65DB4CB8FAFB}.Release|Any CPU.ActiveCfg = Release|Any CPU
		{899BBF17-919E-BD3A-4888-65DB4CB8FAFB}.Release|Any CPU.Build.0 = Release|Any CPU
	EndGlobalSection
	GlobalSection(SolutionProperties) = preSolution
		HideSolutionNode = FALSE
	EndGlobalSection
EndGlobal
