
Microsoft Visual Studio Solution File, Format Version 12.00
# Visual Studio for Mac
Project("{FAE04EC0-301F-11D3-BF4B-00C04F79EFBC}") = "Assembly-CSharp", "Assembly-CSharp.csproj", "{BA57A7D9-ECBF-D048-08C0-C65CBBBBFAC2}"
EndProject
Project("{FAE04EC0-301F-11D3-BF4B-00C04F79EFBC}") = "Assembly-CSharp-Editor", "Assembly-CSharp-Editor.csproj", "{F74DCEF4-3EAC-32A7-F9CC-BF247318A83F}"
EndProject
Global
	GlobalSection(SolutionConfigurationPlatforms) = preSolution
		Debug|Any CPU = Debug|Any CPU
		Release|Any CPU = Release|Any CPU
	EndGlobalSection
	GlobalSection(ProjectConfigurationPlatforms) = postSolution
		{BA57A7D9-ECBF-D048-08C0-C65CBBBBFAC2}.Debug|Any CPU.ActiveCfg = Debug|Any CPU
		{BA57A7D9-ECBF-D048-08C0-C65CBBBBFAC2}.Debug|Any CPU.Build.0 = Debug|Any CPU
		{BA57A7D9-ECBF-D048-08C0-C65CBBBBFAC2}.Release|Any CPU.ActiveCfg = Release|Any CPU
		{BA57A7D9-ECBF-D048-08C0-C65CBBBBFAC2}.Release|Any CPU.Build.0 = Release|Any CPU
		{F74DCEF4-3EAC-32A7-F9CC-BF247318A83F}.Debug|Any CPU.ActiveCfg = Debug|Any CPU
		{F74DCEF4-3EAC-32A7-F9CC-BF247318A83F}.Debug|Any CPU.Build.0 = Debug|Any CPU
		{F74DCEF4-3EAC-32A7-F9CC-BF247318A83F}.Release|Any CPU.ActiveCfg = Release|Any CPU
		{F74DCEF4-3EAC-32A7-F9CC-BF247318A83F}.Release|Any CPU.Build.0 = Release|Any CPU
	EndGlobalSection
	GlobalSection(SolutionProperties) = preSolution
		HideSolutionNode = FALSE
	EndGlobalSection
EndGlobal
